
Microsoft Visual Studio Solution File, Format Version 12.00
# Visual Studio Version 17
VisualStudioVersion = 17.9.34607.119
MinimumVisualStudioVersion = 10.0.40219.1
Project("{FAE04EC0-301F-11D3-BF4B-00C04F79EFBC}") = "UniqueSerialNumberGenerator", "UniqueSerialNumberGenerator\UniqueSerialNumberGenerator.csproj", "{AC34AB40-407B-4CB7-BF70-4AC8B08E53B5}"
EndProject
Global
	GlobalSection(SolutionConfigurationPlatforms) = preSolution
		Debug|Any CPU = Debug|Any CPU
		Release|Any CPU = Release|Any CPU
	EndGlobalSection
	GlobalSection(ProjectConfigurationPlatforms) = postSolution
		{AC34AB40-407B-4CB7-BF70-4AC8B08E53B5}.Debug|Any CPU.ActiveCfg = Debug|Any CPU
		{AC34AB40-407B-4CB7-BF70-4AC8B08E53B5}.Debug|Any CPU.Build.0 = Debug|Any CPU
		{AC34AB40-407B-4CB7-BF70-4AC8B08E53B5}.Release|Any CPU.ActiveCfg = Release|Any CPU
		{AC34AB40-407B-4CB7-BF70-4AC8B08E53B5}.Release|Any CPU.Build.0 = Release|Any CPU
	EndGlobalSection
	GlobalSection(SolutionProperties) = preSolution
		HideSolutionNode = FALSE
	EndGlobalSection
	GlobalSection(ExtensibilityGlobals) = postSolution
		SolutionGuid = {47DC61E2-44CC-43DE-9700-B84EF906BBA3}
	EndGlobalSection
EndGlobal
